
Microsoft Visual Studio Solution File, Format Version 12.00
# Visual Studio Version 16
VisualStudioVersion = 16.0.32413.511
MinimumVisualStudioVersion = 10.0.40219.1
Project("{FAE04EC0-301F-11D3-BF4B-00C04F79EFBC}") = "MyTestLib", "MyTestLib\MyTestLib.csproj", "{19B9958D-3533-4CBB-A28D-BAC05CE795D7}"
EndProject
Project("{FAE04EC0-301F-11D3-BF4B-00C04F79EFBC}") = "MyLibUnitTests", "MyLibUnitTests\MyLibUnitTests.csproj", "{193C8608-9FAD-4716-AE7D-BBD1511DF03C}"
EndProject
Global
	GlobalSection(SolutionConfigurationPlatforms) = preSolution
		Debug|Any CPU = Debug|Any CPU
		Release|Any CPU = Release|Any CPU
	EndGlobalSection
	GlobalSection(ProjectConfigurationPlatforms) = postSolution
		{19B9958D-3533-4CBB-A28D-BAC05CE795D7}.Debug|Any CPU.ActiveCfg = Debug|Any CPU
		{19B9958D-3533-4CBB-A28D-BAC05CE795D7}.Debug|Any CPU.Build.0 = Debug|Any CPU
		{19B9958D-3533-4CBB-A28D-BAC05CE795D7}.Release|Any CPU.ActiveCfg = Release|Any CPU
		{19B9958D-3533-4CBB-A28D-BAC05CE795D7}.Release|Any CPU.Build.0 = Release|Any CPU
		{193C8608-9FAD-4716-AE7D-BBD1511DF03C}.Debug|Any CPU.ActiveCfg = Debug|Any CPU
		{193C8608-9FAD-4716-AE7D-BBD1511DF03C}.Debug|Any CPU.Build.0 = Debug|Any CPU
		{193C8608-9FAD-4716-AE7D-BBD1511DF03C}.Release|Any CPU.ActiveCfg = Release|Any CPU
		{193C8608-9FAD-4716-AE7D-BBD1511DF03C}.Release|Any CPU.Build.0 = Release|Any CPU
	EndGlobalSection
	GlobalSection(SolutionProperties) = preSolution
		HideSolutionNode = FALSE
	EndGlobalSection
	GlobalSection(ExtensibilityGlobals) = postSolution
		SolutionGuid = {4D5F426B-C931-4E84-B901-B799C5632030}
	EndGlobalSection
EndGlobal
